{
  "nodes": {
    "base16-schemes": {
      "flake": false,
      "locked": {
        "lastModified": 1680729003,
        "narHash": "sha256-M9LHTL24/W4oqgbYRkz0B2qpNrkefTs98pfj3MxIXnU=",
        "owner": "tinted-theming",
        "repo": "base16-schemes",
        "rev": "dc048afa066287a719ddbab62b3e19e4b5110cf0",
        "type": "github"
      },
      "original": {
        "owner": "tinted-theming",
        "repo": "base16-schemes",
        "type": "github"
      }
    },
    "composer2nix-src": {
      "flake": false,
      "locked": {
        "lastModified": 1646178110,
        "narHash": "sha256-P3acfGwHYjjZQcviPiOT7T7qzzP/drc2mibzrsrNP18=",
        "owner": "svanderburg",
        "repo": "composer2nix",
        "rev": "299caca4aac42d7639a42eb4dde951c010f6e91c",
        "type": "github"
      },
      "original": {
        "owner": "svanderburg",
        "ref": "v0.0.6",
        "repo": "composer2nix",
        "type": "github"
      }
    },
    "disconic": {
      "inputs": {
        "nixpkgs": "nixpkgs",
        "rust-overlay": "rust-overlay"
      },
      "locked": {
        "lastModified": 1686712653,
        "narHash": "sha256-O/+mtiHxheKg5aMyjfIHOjuImRHQNzt72IUAap+B6uQ=",
        "owner": "misterio77",
        "repo": "disconic",
        "rev": "074bc44d4d100f0e8281da3e219537d89c1a92ef",
        "type": "github"
      },
      "original": {
        "owner": "misterio77",
        "repo": "disconic",
        "type": "github"
      }
    },
    "firefly": {
      "inputs": {
        "composer2nix-src": "composer2nix-src",
        "firefly-iii-src": "firefly-iii-src",
        "nixpkgs": [
          "nixpkgs"
        ]
      },
      "locked": {
        "lastModified": 1685900414,
        "narHash": "sha256-liZ0Z4+ifPJxzxCxlcIDIbPuWm1XQmvEuKAPArC9nSI=",
        "owner": "timhae",
        "repo": "firefly",
        "rev": "22e669ad5c23af974117855a3fe6386c3f3148cb",
        "type": "github"
      },
      "original": {
        "owner": "timhae",
        "repo": "firefly",
        "type": "github"
      }
    },
    "firefly-iii-src": {
      "flake": false,
      "locked": {
        "lastModified": 1681548383,
        "narHash": "sha256-ymWotU5wM6nQhsfnyAt+unewJ5D0tJpNK+UedSyfITU=",
        "owner": "firefly-iii",
        "repo": "firefly-iii",
        "rev": "f878af0d3bbfe7b1a51bef758d4e2e9a66118316",
        "type": "github"
      },
      "original": {
        "owner": "firefly-iii",
        "ref": "v6.0.8",
        "repo": "firefly-iii",
        "type": "github"
      }
    },
    "firefox-addons": {
      "inputs": {
        "flake-utils": "flake-utils_2",
        "nixpkgs": [
          "nixpkgs"
        ]
      },
      "locked": {
        "dir": "pkgs/firefox-addons",
        "lastModified": 1687632898,
        "narHash": "sha256-DYTUM+EMHq2GgLM3Ta9rdbFfot2bwXoCd6l9fAQLypI=",
        "owner": "rycee",
        "repo": "nur-expressions",
        "rev": "dcef352643ef860451f3826bc681018ebe7887e7",
        "type": "gitlab"
      },
      "original": {
        "dir": "pkgs/firefox-addons",
        "owner": "rycee",
        "repo": "nur-expressions",
        "type": "gitlab"
      }
    },
    "flake-compat": {
      "flake": false,
      "locked": {
        "lastModified": 1673956053,
        "narHash": "sha256-4gtG9iQuiKITOjNQQeQIpoIB6b16fm+504Ch3sNKLd8=",
        "owner": "edolstra",
        "repo": "flake-compat",
        "rev": "35bb57c0c8d8b62bbfd284272c928ceb64ddbde9",
        "type": "github"
      },
      "original": {
        "owner": "edolstra",
        "repo": "flake-compat",
        "type": "github"
      }
    },
    "flake-utils": {
      "inputs": {
        "systems": "systems"
      },
      "locked": {
        "lastModified": 1681202837,
        "narHash": "sha256-H+Rh19JDwRtpVPAWp64F+rlEtxUWBAQW28eAi3SRSzg=",
        "owner": "numtide",
        "repo": "flake-utils",
        "rev": "cfacdce06f30d2b68473a46042957675eebb3401",
        "type": "github"
      },
      "original": {
        "owner": "numtide",
        "repo": "flake-utils",
        "type": "github"
      }
    },
    "flake-utils_2": {
      "locked": {
        "lastModified": 1629284811,
        "narHash": "sha256-JHgasjPR0/J1J3DRm4KxM4zTyAj4IOJY8vIl75v/kPI=",
        "owner": "numtide",
        "repo": "flake-utils",
        "rev": "c5d161cc0af116a2e17f54316f0bf43f0819785c",
        "type": "github"
      },
      "original": {
        "owner": "numtide",
        "repo": "flake-utils",
        "type": "github"
      }
    },
    "flake-utils_3": {
      "inputs": {
        "systems": "systems_2"
      },
      "locked": {
        "lastModified": 1681202837,
        "narHash": "sha256-H+Rh19JDwRtpVPAWp64F+rlEtxUWBAQW28eAi3SRSzg=",
        "owner": "numtide",
        "repo": "flake-utils",
        "rev": "cfacdce06f30d2b68473a46042957675eebb3401",
        "type": "github"
      },
      "original": {
        "owner": "numtide",
        "repo": "flake-utils",
        "type": "github"
      }
    },
    "hardware": {
      "locked": {
        "lastModified": 1686838567,
        "narHash": "sha256-aqKCUD126dRlVSKV6vWuDCitfjFrZlkwNuvj5LtjRRU=",
        "owner": "nixos",
        "repo": "nixos-hardware",
        "rev": "429f232fe1dc398c5afea19a51aad6931ee0fb89",
        "type": "github"
      },
      "original": {
        "owner": "nixos",
        "repo": "nixos-hardware",
        "type": "github"
      }
    },
    "home-manager": {
      "inputs": {
        "nixpkgs": [
          "nixpkgs"
        ]
      },
      "locked": {
        "lastModified": 1687647343,
        "narHash": "sha256-1/o/i9KEFOBdlF9Cs04kBcqDFbYMt6W4SMqGa+QnnaI=",
        "owner": "nix-community",
        "repo": "home-manager",
        "rev": "0ee5ab611dc1fbb5180bd7d88d2aeb7841a4d179",
        "type": "github"
      },
      "original": {
        "owner": "nix-community",
        "repo": "home-manager",
        "type": "github"
      }
    },
    "hyprland": {
      "inputs": {
        "hyprland-protocols": "hyprland-protocols",
        "nixpkgs": [
          "nixpkgs"
        ],
        "wlroots": "wlroots",
        "xdph": "xdph"
      },
      "locked": {
        "lastModified": 1687613903,
        "narHash": "sha256-ACv2/IL/dQzEOipcmji1nKP0fdAlSAe9MNCn5V9VtKo=",
        "owner": "hyprwm",
        "repo": "hyprland",
        "rev": "a82559f185666484da98baa8384eb3811934bdef",
        "type": "github"
      },
      "original": {
        "owner": "hyprwm",
        "repo": "hyprland",
        "type": "github"
      }
    },
    "hyprland-protocols": {
      "inputs": {
        "nixpkgs": [
          "hyprland",
          "nixpkgs"
        ]
      },
      "locked": {
        "lastModified": 1684265364,
        "narHash": "sha256-AxNnWbthsuNx73HDQr0eBxrcE3+yfl/WsaXZqUFmkpQ=",
        "owner": "hyprwm",
        "repo": "hyprland-protocols",
        "rev": "8c279b9fb0f2b031427dc5ef4eab53f2ed835530",
        "type": "github"
      },
      "original": {
        "owner": "hyprwm",
        "repo": "hyprland-protocols",
        "type": "github"
      }
    },
    "impermanence": {
      "locked": {
        "lastModified": 1684264534,
        "narHash": "sha256-K0zr+ry3FwIo3rN2U/VWAkCJSgBslBisvfRIPwMbuCQ=",
        "owner": "nix-community",
        "repo": "impermanence",
        "rev": "89253fb1518063556edd5e54509c30ac3089d5e6",
        "type": "github"
      },
      "original": {
        "owner": "nix-community",
        "repo": "impermanence",
        "type": "github"
      }
    },
    "nix-colors": {
      "inputs": {
        "base16-schemes": "base16-schemes",
        "nixpkgs-lib": "nixpkgs-lib"
      },
      "locked": {
        "lastModified": 1682108218,
        "narHash": "sha256-tMr7BbxualFQlN+XopS8rMMgf2XR9ZfRuwIZtjsWmfI=",
        "owner": "misterio77",
        "repo": "nix-colors",
        "rev": "b92df8f5eb1fa20d8e09810c03c9dc0d94ef2820",
        "type": "github"
      },
      "original": {
        "owner": "misterio77",
        "repo": "nix-colors",
        "type": "github"
      }
    },
    "nix-minecraft": {
      "inputs": {
        "flake-compat": "flake-compat",
        "flake-utils": "flake-utils_3",
        "nixpkgs": [
          "nixpkgs"
        ]
      },
      "locked": {
        "lastModified": 1687655817,
        "narHash": "sha256-y8oz0bE4egCSoCnltvPAClbLhcFJd25q14as0AB/ho4=",
        "owner": "misterio77",
        "repo": "nix-minecraft",
        "rev": "ee49d1baebbeba9b82f3625b2402dec70708b421",
        "type": "github"
      },
      "original": {
        "owner": "misterio77",
        "repo": "nix-minecraft",
        "type": "github"
      }
    },
    "nixpkgs": {
      "locked": {
        "lastModified": 1686331006,
        "narHash": "sha256-hElRDWUNG655aqF0awu+h5cmDN+I/dQcChRt2tGuGGU=",
        "owner": "NixOS",
        "repo": "nixpkgs",
        "rev": "85bcb95aa83be667e562e781e9d186c57a07d757",
        "type": "github"
      },
      "original": {
        "owner": "NixOS",
        "ref": "nixos-23.05",
        "repo": "nixpkgs",
        "type": "github"
      }
    },
    "nixpkgs-lib": {
      "locked": {
        "lastModified": 1680397293,
        "narHash": "sha256-wBpJ73+tJ8fZSWb4tzNbAVahC4HSo2QG3nICDy4ExBQ=",
        "owner": "nix-community",
        "repo": "nixpkgs.lib",
        "rev": "b18d328214ca3c627d3cc3f51fd9d1397fdbcd7a",
        "type": "github"
      },
      "original": {
        "owner": "nix-community",
        "repo": "nixpkgs.lib",
        "type": "github"
      }
    },
    "nixpkgs_2": {
      "locked": {
        "lastModified": 1687502512,
        "narHash": "sha256-dBL/01TayOSZYxtY4cMXuNCBk8UMLoqRZA+94xiFpJA=",
        "owner": "nixos",
        "repo": "nixpkgs",
        "rev": "3ae20aa58a6c0d1ca95c9b11f59a2d12eebc511f",
        "type": "github"
      },
      "original": {
        "owner": "nixos",
        "ref": "nixos-unstable",
        "repo": "nixpkgs",
        "type": "github"
      }
    },
    "nixpkgs_3": {
      "locked": {
        "lastModified": 1682669017,
        "narHash": "sha256-Vi+p4y3wnl0/4gcwTdmCO398kKlDaUrNROtf3GOD2NY=",
        "owner": "NixOS",
        "repo": "nixpkgs",
        "rev": "7449971a3ecf857b4a554cf79b1d9dcc1a4647d8",
        "type": "github"
      },
      "original": {
        "owner": "NixOS",
        "ref": "nixos-22.11",
        "repo": "nixpkgs",
        "type": "github"
      }
    },
    "nixpkgs_4": {
      "locked": {
        "lastModified": 1660842467,
        "narHash": "sha256-lSer61lI5X61/3zjMu4OSUqdKSCW2jM1rU6B3WLBOj4=",
        "owner": "nixos",
        "repo": "nixpkgs",
        "rev": "9b9f4bb4e1125a2b9734b05a4c35ff388cabec05",
        "type": "github"
      },
      "original": {
        "owner": "nixos",
        "ref": "nixos-22.05",
        "repo": "nixpkgs",
        "type": "github"
      }
    },
    "nixpkgs_5": {
      "locked": {
        "lastModified": 1670543317,
        "narHash": "sha256-4mMR56rtxKr+Gwz399jFr4i76SQZxsLWxxyfQlPXRm0=",
        "owner": "NixOS",
        "repo": "nixpkgs",
        "rev": "7a6a010c3a1d00f8470a5ca888f2f927f1860a19",
        "type": "github"
      },
      "original": {
        "owner": "NixOS",
        "ref": "nixos-22.11",
        "repo": "nixpkgs",
        "type": "github"
      }
    },
    "paste-misterio-me": {
      "inputs": {
        "nixpkgs": "nixpkgs_3"
      },
      "locked": {
        "lastModified": 1683036512,
        "narHash": "sha256-Y+BCLNiuWSGSiPJBT5s4P0CoOhhKUkXTsocTXQ7EPKM=",
        "owner": "misterio77",
        "repo": "paste.misterio.me",
        "rev": "16890f98a3de5451accdca919a1c13d393fad84a",
        "type": "github"
      },
      "original": {
        "owner": "misterio77",
        "repo": "paste.misterio.me",
        "type": "github"
      }
    },
    "root": {
      "inputs": {
        "disconic": "disconic",
        "firefly": "firefly",
        "firefox-addons": "firefox-addons",
        "hardware": "hardware",
        "home-manager": "home-manager",
        "hyprland": "hyprland",
        "impermanence": "impermanence",
        "nix-colors": "nix-colors",
        "nix-minecraft": "nix-minecraft",
        "nixpkgs": "nixpkgs_2",
        "paste-misterio-me": "paste-misterio-me",
        "website": "website",
        "yrmos": "yrmos"
      }
    },
    "rust-overlay": {
      "inputs": {
        "flake-utils": "flake-utils",
        "nixpkgs": [
          "disconic",
          "nixpkgs"
        ]
      },
      "locked": {
        "lastModified": 1686450923,
        "narHash": "sha256-a7B9VT2NHJWRCerHmZagAXu3z2QHJKhxUhzjh5vAnXU=",
        "owner": "oxalica",
        "repo": "rust-overlay",
        "rev": "4b3cb15179af3b8d640a29fa85cc9f332b4123e6",
        "type": "github"
      },
      "original": {
        "owner": "oxalica",
        "repo": "rust-overlay",
        "type": "github"
      }
    },
    "systems": {
      "locked": {
        "lastModified": 1681028828,
        "narHash": "sha256-Vy1rq5AaRuLzOxct8nz4T6wlgyUR7zLU309k9mBC768=",
        "owner": "nix-systems",
        "repo": "default",
        "rev": "da67096a3b9bf56a91d16901293e51ba5b49a27e",
        "type": "github"
      },
      "original": {
        "owner": "nix-systems",
        "repo": "default",
        "type": "github"
      }
    },
    "systems_2": {
      "locked": {
        "lastModified": 1681028828,
        "narHash": "sha256-Vy1rq5AaRuLzOxct8nz4T6wlgyUR7zLU309k9mBC768=",
        "owner": "nix-systems",
        "repo": "default",
        "rev": "da67096a3b9bf56a91d16901293e51ba5b49a27e",
        "type": "github"
      },
      "original": {
        "owner": "nix-systems",
        "repo": "default",
        "type": "github"
      }
    },
    "website": {
      "inputs": {
        "nixpkgs": "nixpkgs_4"
      },
      "locked": {
        "lastModified": 1682529315,
        "narHash": "sha256-A5dNnW1485QJSNznbyymvzv4j6XOAYrDEQLaskMBly8=",
        "owner": "misterio77",
        "repo": "website",
        "rev": "a012b6145b183df2f6ad32e981a281b0f1ebed72",
        "type": "github"
      },
      "original": {
        "owner": "misterio77",
        "repo": "website",
        "type": "github"
      }
    },
    "wlroots": {
      "flake": false,
      "locked": {
        "host": "gitlab.freedesktop.org",
        "lastModified": 1686753331,
        "narHash": "sha256-KovjVFwcuoUO0eu/UiWrnD3+m/K+SHSAVIz4xF9K1XA=",
        "owner": "wlroots",
        "repo": "wlroots",
        "rev": "7e7633abf09b362d0bad9e3fc650fd692369291d",
        "type": "gitlab"
      },
      "original": {
        "host": "gitlab.freedesktop.org",
        "owner": "wlroots",
        "repo": "wlroots",
        "type": "gitlab"
      }
    },
    "xdph": {
      "inputs": {
        "hyprland-protocols": [
          "hyprland",
          "hyprland-protocols"
        ],
        "nixpkgs": [
          "hyprland",
          "nixpkgs"
        ]
      },
      "locked": {
        "lastModified": 1685385764,
        "narHash": "sha256-r+XMyOoRXq+hlfjayb+fyi9kq2JK48TrwuNIAXqlj7U=",
        "owner": "hyprwm",
        "repo": "xdg-desktop-portal-hyprland",
        "rev": "4d9ff0c17716936e0b5ca577a39e263633901ed1",
        "type": "github"
      },
      "original": {
        "owner": "hyprwm",
        "repo": "xdg-desktop-portal-hyprland",
        "type": "github"
      }
    },
    "yrmos": {
      "inputs": {
        "nixpkgs": "nixpkgs_5"
      },
      "locked": {
        "lastModified": 1683315051,
        "narHash": "sha256-o3ssWypA+3PNRkSYheY6BwqvqCNmYIbk0ILeA2SDvSE=",
        "owner": "misterio77",
        "repo": "yrmos",
        "rev": "b3adf628b172637a0c07eacdcf98028ac76e1787",
        "type": "github"
      },
      "original": {
        "owner": "misterio77",
        "repo": "yrmos",
        "type": "github"
      }
    }
  },
  "root": "root",
  "version": 7
}
